lockfileVersion: '9.0'

settings:
  autoInstallPeers: true
  excludeLinksFromLockfile: false

importers:

  .:
    devDependencies:
      '@swc-node/register':
        specifier: 1.11.1
        version: 1.11.1(@swc/core@1.15.1(@swc/helpers@0.5.17))(@swc/types@0.1.25)(typescript@5.9.3)
      '@swc/core':
        specifier: 1.15.1
        version: 1.15.1(@swc/helpers@0.5.17)
      '@swc/helpers':
        specifier: 0.5.17
        version: 0.5.17
      '@types/node':
        specifier: 24.10.0
        version: 24.10.0
      turbo:
        specifier: 2.6.0
        version: 2.6.0
      typescript:
        specifier: 5.9.3
        version: 5.9.3

  examples/demo:
    dependencies:
      '@gtkx/ffi':
        specifier: workspace:*
        version: link:../../packages/ffi

  packages/ffi:
    dependencies:
      '@gtkx/native':
        specifier: workspace:*
        version: link:../native

  packages/gtkx:
    dependencies:
      '@gtkx/ffi':
        specifier: workspace:*
        version: link:../ffi

  packages/native:
    devDependencies:
      '@neon-rs/cli':
        specifier: 0.1.82
        version: 0.1.82

packages:

  '@cargo-messages/android-arm-eabi@0.1.81':
    resolution: {integrity: sha512-cpRbgb56e9LmAj96Tixtz9/bTlaJAeplWNNv4obu+eqQyZd3ZjX04TJd9fM1bjHDGVyR9GTVlgBsbQEntIGkwg==}
    cpu: [arm]
    os: [android]

  '@cargo-messages/darwin-arm64@0.1.81':
    resolution: {integrity: sha512-OwGqsw+tbJx37a/vH4T8R9qkrrFYoTIOnckbA9+MhQodE2FSWyk3HvLh+z8jjl+QZa1RSOU9Ax6gt/46h0BiTg==}
    cpu: [arm64]
    os: [darwin]

  '@cargo-messages/darwin-x64@0.1.81':
    resolution: {integrity: sha512-Iu761bPk25Ce6yUdDCjjeVuT8/xbBmczyaNB7oYBmAZEE5rshvCJ42TqSShYYP+S7pKkN42nBhkFooaZrqaz9g==}
    cpu: [x64]
    os: [darwin]

  '@cargo-messages/linux-arm-gnueabihf@0.1.81':
    resolution: {integrity: sha512-iIuy7KTJAEhbiqlIlcxQOdW6opI6M9LXlgd/jdsHbP2FjmTyhTLnd3JCJ6JeAeidwknCDs+CFlaVmPxTKSytsg==}
    cpu: [arm]
    os: [linux]

  '@cargo-messages/linux-arm64-gnu@0.1.81':
    resolution: {integrity: sha512-QPQRsHj9m/9ga8wRBlLh8t2AXyr40+/H55FIKVj7zIjV++waY/TbSTPofDZQhMycd5VSGLKztfhahiCO7c/RAQ==}
    cpu: [arm64]
    os: [linux]

  '@cargo-messages/linux-arm64-musl@0.1.81':
    resolution: {integrity: sha512-9O0ATesIOjDTz2L01OtlGHYwP86I31/mzXMC+ryQkzbbIKj7KUiSqmEc29I14I517UYO8/sMeow6q6MVBpehlA==}
    cpu: [arm64]
    os: [linux]

  '@cargo-messages/linux-x64-gnu@0.1.81':
    resolution: {integrity: sha512-wEFYxCdtHNiEvp5KEg17CfRCUdfRTtkL+1GASROyvYEUV6DQf6TXxfHuuWg2xlVxh5fqiTGFSRfiqFrCDL/xrw==}
    cpu: [x64]
    os: [linux]

  '@cargo-messages/linux-x64-musl@0.1.81':
    resolution: {integrity: sha512-zi5pKIh60oPwOCDQapAZ3Mya4y56MI2BoGvY8JtztYaXTorGmAoyf6jjb50Wt+HfoYYjM3OlPt03XMlCFZJnIQ==}
    cpu: [x64]
    os: [linux]

  '@cargo-messages/win32-arm64-msvc@0.1.81':
    resolution: {integrity: sha512-oyiT8AYLoguF7cFOMYDsPv3eirzBcFafOOfRsFyd3+wmaPTl/DdbCq446oThRmSAsEGJpzhzj7TafcnXMBkHbg==}
    cpu: [arm64]
    os: [win32]

  '@cargo-messages/win32-x64-msvc@0.1.81':
    resolution: {integrity: sha512-B5Ukf4AohtIv27uCP/AgM+7vYwQ4RacI6m8ZBr2XKeSrjZXcXguzlZd+wD7bD5+wa0capvXKUskZDnpG/DcYiA==}
    cpu: [x64]
    os: [win32]

  '@emnapi/core@1.7.0':
    resolution: {integrity: sha512-pJdKGq/1iquWYtv1RRSljZklxHCOCAJFJrImO5ZLKPJVJlVUcs8yFwNQlqS0Lo8xT1VAXXTCZocF9n26FWEKsw==}

  '@emnapi/runtime@1.7.0':
    resolution: {integrity: sha512-oAYoQnCYaQZKVS53Fq23ceWMRxq5EhQsE0x0RdQ55jT7wagMu5k+fS39v1fiSLrtrLQlXwVINenqhLMtTrV/1Q==}

  '@emnapi/wasi-threads@1.1.0':
    resolution: {integrity: sha512-WI0DdZ8xFSbgMjR1sFsKABJ/C5OnRrjT06JXbZKexJGrDuPTzZdDYfFlsgcCXCyf+suG5QU2e/y1Wo2V/OapLQ==}

  '@napi-rs/wasm-runtime@1.0.7':
    resolution: {integrity: sha512-SeDnOO0Tk7Okiq6DbXmmBODgOAb9dp9gjlphokTUxmt8U3liIP1ZsozBahH69j/RJv+Rfs6IwUKHTgQYJ/HBAw==}

  '@neon-rs/cli@0.1.82':
    resolution: {integrity: sha512-QrlGPQp9KOGuMvjjua79lEV2QTcE16m8JatG5ITdQpBAwRQpDw5xab57W9130y2iUEfMzYtp7v6pcN1fUB0Exg==}
    hasBin: true

  '@oxc-resolver/binding-android-arm-eabi@11.13.1':
    resolution: {integrity: sha512-YijiebZnGbKtwhLJXmUkOTS2iFF5Mh7TZb3SpVGrbgH6t2flJn7K+k78FJN7tc2lfixdlI1amkcCbTCgV+2WwQ==}
    cpu: [arm]
    os: [android]

  '@oxc-resolver/binding-android-arm64@11.13.1':
    resolution: {integrity: sha512-cURsasEvObw/KCi8eRuZhHiT4agR4cui6uWX8ss2z/Ok23f8W+P8fvEZD0iUMIAmHwyAxA93RxNTIKh48zK39A==}
    cpu: [arm64]
    os: [android]

  '@oxc-resolver/binding-darwin-arm64@11.13.1':
    resolution: {integrity: sha512-IKsn9oeVrbWpbE+PanGr5C4tRPVhVuBh/ZY8I7bbqaxBjemlgKKNGNSq73VDzQjRApJgjjzsVDgkTwTrKivLGg==}
    cpu: [arm64]
    os: [darwin]

  '@oxc-resolver/binding-darwin-x64@11.13.1':
    resolution: {integrity: sha512-FW9toaDOXSLmP3lYXsXPalQKLs8eXwZCNUOPeng84MExl+ALe0Ik+sif/U6P/nqJgVdVm4MEiZcnnNtQ+Bn29Q==}
    cpu: [x64]
    os: [darwin]

  '@oxc-resolver/binding-freebsd-x64@11.13.1':
    resolution: {integrity: sha512-9EODydJ8P/DhEmVIdcjLnlDXAw9hot2NLuwY1/6gp3fKNXsqz3s9ch/vlDpq0CMtvjQ3Z4a2P+4IsH5A73Eh/A==}
    cpu: [x64]
    os: [freebsd]

  '@oxc-resolver/binding-linux-arm-gnueabihf@11.13.1':
    resolution: {integrity: sha512-Ud/q31NNEFXVy9mwO1jbXXsuqYd8ftoweL4z9MZ5wahlncnzPYKcEGSdBfSi7TKct4KU8EdvAxi+F9wdO1dCGw==}
    cpu: [arm]
    os: [linux]

  '@oxc-resolver/binding-linux-arm-musleabihf@11.13.1':
    resolution: {integrity: sha512-4x/eNAoQ7Ec2n81S2akaBeDbM4ceuy8R4sd41p1ETnM5PBhvBzWSuf75vQp4K1dLyKKPe+fw+uG4eIpgzqvj8A==}
    cpu: [arm]
    os: [linux]

  '@oxc-resolver/binding-linux-arm64-gnu@11.13.1':
    resolution: {integrity: sha512-435Sf0a1KKjU7jgB5gcisTq6WMxQQVfsmKWAcQ3VhbXU/NpaUUZaezKmZJXNiAO1sUY6/zRJnTaPtsBq9msYlQ==}
    cpu: [arm64]
    os: [linux]

  '@oxc-resolver/binding-linux-arm64-musl@11.13.1':
    resolution: {integrity: sha512-Okb7KgPJvA/Db0QwdVziuYs5MZQEq9PC5MEDrBK7jmcqQL2RO+mk7oztqSegcNJ7kMyNM7Zi2cN9G69g4Cs3zg==}
    cpu: [arm64]
    os: [linux]

  '@oxc-resolver/binding-linux-ppc64-gnu@11.13.1':
    resolution: {integrity: sha512-HyM9+MlH7bWQtjtGzhxVMVhIuy2C1+MqavBfSMyY2d9SSdxcKvboMhl/0vTTMH/R94z8n/gP5XSJ1M6/BC30Pw==}
    cpu: [ppc64]
    os: [linux]

  '@oxc-resolver/binding-linux-riscv64-gnu@11.13.1':
    resolution: {integrity: sha512-ukJFu+798IzODSIupFAbouehJOLqQwhz56VlzRXi+42xtsmtZ+NLla2CXlaw1V9nMB7HLEQU1+XklkeFsIxz4g==}
    cpu: [riscv64]
    os: [linux]

  '@oxc-resolver/binding-linux-riscv64-musl@11.13.1':
    resolution: {integrity: sha512-gCr05/1CbuKQ/E39pzVjBLE/amtdvFpHeEd6lUOshnoInZ48g33b+1/CNyeO+B1CoiIydYGrkbyIoIeSMWzSsw==}
    cpu: [riscv64]
    os: [linux]

  '@oxc-resolver/binding-linux-s390x-gnu@11.13.1':
    resolution: {integrity: sha512-ojQVasxjsZGCxt+ygyipCSp74P22WdUToBLM8D9qVm/yehOtxIT8nv0FyQrc4DOpqzGPxQS2OcgvLag+9AhsFg==}
    cpu: [s390x]
    os: [linux]

  '@oxc-resolver/binding-linux-x64-gnu@11.13.1':
    resolution: {integrity: sha512-Vr28gTydAegrq+qmQu4IvR+LEq3A8amuHdOPSOwMM44cwpIvEDd4MmhimfEqoWjcfVZy9vpd5mPZZY6C/lHq9g==}
    cpu: [x64]
    os: [linux]

  '@oxc-resolver/binding-linux-x64-musl@11.13.1':
    resolution: {integrity: sha512-a2g2nv3IulLb9lHd8ZDGEnWIpNXcZviLiEKt+PHP3k3d86U1adlL5rNmImjF+eNGReTyttlX/hYNT4UIPo7IjA==}
    cpu: [x64]
    os: [linux]

  '@oxc-resolver/binding-wasm32-wasi@11.13.1':
    resolution: {integrity: sha512-PhvfJQG6IyI9uN1c5NAZqfl1N9lLF1XdenX+H3aHYHlADPiOgwtpQgBETSD2L3ySeR7jLzJRVFUrWEu4uDz7Lg==}
    engines: {node: '>=14.0.0'}
    cpu: [wasm32]

  '@oxc-resolver/binding-win32-arm64-msvc@11.13.1':
    resolution: {integrity: sha512-hyKUC0JQbTKoaPw3r9XHWHtj+B/win36VjTyKDd0OjG71UeyAhZiJBjoNJwfmnTIPcQS4YNesjNkqqDe4qN44w==}
    cpu: [arm64]
    os: [win32]

  '@oxc-resolver/binding-win32-ia32-msvc@11.13.1':
    resolution: {integrity: sha512-0/y+YMQJEd8kltqPTAUi1PHsYTUi/7UL8Jkhh6BODn3VBQIMMfHhyS8MH4geYJLEJUxuRxGKtya57GOTAN2WSw==}
    cpu: [ia32]
    os: [win32]

  '@oxc-resolver/binding-win32-x64-msvc@11.13.1':
    resolution: {integrity: sha512-0r1P/PDUD936rZShGdfnqNFdozRVgFYrcdajm1ZZ8wMoN594YkjKmlM3z3DB6arS+Bz7RhA9uLXcP74GqZ/lAw==}
    cpu: [x64]
    os: [win32]

  '@swc-node/core@1.14.1':
    resolution: {integrity: sha512-jrt5GUaZUU6cmMS+WTJEvGvaB6j1YNKPHPzC2PUi2BjaFbtxURHj6641Az6xN7b665hNniAIdvjxWcRml5yCnw==}
    engines: {node: '>= 10'}
    peerDependencies:
      '@swc/core': '>= 1.13.3'
      '@swc/types': '>= 0.1'

  '@swc-node/register@1.11.1':
    resolution: {integrity: sha512-VQ0hJ5jX31TVv/fhZx4xJRzd8pwn6VvzYd2tGOHHr2TfXGCBixZoqdPDXTiEoJLCTS2MmvBf6zyQZZ0M8aGQCQ==}
    peerDependencies:
      '@swc/core': '>= 1.4.13'
      typescript: '>= 4.3'

  '@swc-node/sourcemap-support@0.6.1':
    resolution: {integrity: sha512-ovltDVH5QpdHXZkW138vG4+dgcNsxfwxHVoV6BtmTbz2KKl1A8ZSlbdtxzzfNjCjbpayda8Us9eMtcHobm38dA==}

  '@swc/core-darwin-arm64@1.15.1':
    resolution: {integrity: sha512-vEPrVxegWIjKEz+1VCVuKRY89jhokhSmQ/YXBWLnmLj9cI08G61RTZJvdsIcjYUjjTu7NgZlYVK+b2y0fbh11g==}
    engines: {node: '>=10'}
    cpu: [arm64]
    os: [darwin]

  '@swc/core-darwin-x64@1.15.1':
    resolution: {integrity: sha512-z9QguKxE3aldvwKHHDg5OlKehasbJBF1lacn5CnN6SlrHbdwokXHFA3nIoO3Bh1Tw7bCgFtdIR4jKlTTn3kBZA==}
    engines: {node: '>=10'}
    cpu: [x64]
    os: [darwin]

  '@swc/core-linux-arm-gnueabihf@1.15.1':
    resolution: {integrity: sha512-yS2FHA8E4YeiPG9YeYk/6mKiCWuXR5RdYlCmtlGzKcjWbI4GXUVe7+p9C0M6myRt3zdj3M1knmJxk52MQA9EZQ==}
    engines: {node: '>=10'}
    cpu: [arm]
    os: [linux]

  '@swc/core-linux-arm64-gnu@1.15.1':
    resolution: {integrity: sha512-IFrjDu7+5Y61jLsUqBVXlXutDoPBX10eEeNTjW6C1yzm+cSTE7ayiKXMIFri4gEZ4VpXS6MUgkwjxtDpIXTh+w==}
    engines: {node: '>=10'}
    cpu: [arm64]
    os: [linux]

  '@swc/core-linux-arm64-musl@1.15.1':
    resolution: {integrity: sha512-fKzP9mRQGbhc5QhJPIsqKNNX/jyWrZgBxmo3Nz1SPaepfCUc7RFmtcJQI5q8xAun3XabXjh90wqcY/OVyg2+Kg==}
    engines: {node: '>=10'}
    cpu: [arm64]
    os: [linux]

  '@swc/core-linux-x64-gnu@1.15.1':
    resolution: {integrity: sha512-ZLjMi138uTJxb+1wzo4cB8mIbJbAsSLWRNeHc1g1pMvkERPWOGlem+LEYkkzaFzCNv1J8aKcL653Vtw8INHQeg==}
    engines: {node: '>=10'}
    cpu: [x64]
    os: [linux]

  '@swc/core-linux-x64-musl@1.15.1':
    resolution: {integrity: sha512-jvSI1IdsIYey5kOITzyajjofXOOySVitmLxb45OPUjoNojql4sDojvlW5zoHXXFePdA6qAX4Y6KbzAOV3T3ctA==}
    engines: {node: '>=10'}
    cpu: [x64]
    os: [linux]

  '@swc/core-win32-arm64-msvc@1.15.1':
    resolution: {integrity: sha512-X/FcDtNrDdY9r4FcXHt9QxUqC/2FbQdvZobCKHlHe8vTSKhUHOilWl5EBtkFVfsEs4D5/yAri9e3bJbwyBhhBw==}
    engines: {node: '>=10'}
    cpu: [arm64]
    os: [win32]

  '@swc/core-win32-ia32-msvc@1.15.1':
    resolution: {integrity: sha512-vfheiWBux8PpC87oy1cshcqzgH7alWYpnVq5jWe7xuVkjqjGGDbBUKuS84eJCdsWcVaB5EXIWLKt+11W3/BOwA==}
    engines: {node: '>=10'}
    cpu: [ia32]
    os: [win32]

  '@swc/core-win32-x64-msvc@1.15.1':
    resolution: {integrity: sha512-n3Ppn0LSov/IdlANq+8kxHqENuJRX5XtwQqPgQsgwKIcFq22u17NKfDs9vL5PwRsEHY6Xd67pnOqQX0h4AvbuQ==}
    engines: {node: '>=10'}
    cpu: [x64]
    os: [win32]

  '@swc/core@1.15.1':
    resolution: {integrity: sha512-s9GN3M2jA32k+StvuS9uGe4ztf5KVGBdlJMMC6LR6Ah23Lq/CWKVcC3WeQi8qaAcLd+DiddoNCNMUWymLv+wWQ==}
    engines: {node: '>=10'}
    peerDependencies:
      '@swc/helpers': '>=0.5.17'
    peerDependenciesMeta:
      '@swc/helpers':
        optional: true

  '@swc/counter@0.1.3':
    resolution: {integrity: sha512-e2BR4lsJkkRlKZ/qCHPw9ZaSxc0MVUd7gtbtaB7aMvHeJVYe8sOB8DBZkP2DtISHGSku9sCK6T6cnY0CtXrOCQ==}

  '@swc/helpers@0.5.17':
    resolution: {integrity: sha512-5IKx/Y13RsYd+sauPb2x+U/xZikHjolzfuDgTAl/Tdf3Q8rslRvC19NKDLgAJQ6wsqADk10ntlv08nPFw/gO/A==}

  '@swc/types@0.1.25':
    resolution: {integrity: sha512-iAoY/qRhNH8a/hBvm3zKj9qQ4oc2+3w1unPJa2XvTK3XjeLXtzcCingVPw/9e5mn1+0yPqxcBGp9Jf0pkfMb1g==}

  '@tybys/wasm-util@0.10.1':
    resolution: {integrity: sha512-9tTaPJLSiejZKx+Bmog4uSubteqTvFrVrURwkmHixBo0G4seD0zUxp98E1DzUBJxLQ3NPwXrGKDiVjwx/DpPsg==}

  '@types/node@24.10.0':
    resolution: {integrity: sha512-qzQZRBqkFsYyaSWXuEHc2WR9c0a0CXwiE5FWUvn7ZM+vdy1uZLfCunD38UzhuB7YN/J11ndbDBcTmOdxJo9Q7A==}

  buffer-from@1.1.2:
    resolution: {integrity: sha512-E+XQCRwSbaaiChtv6k6Dwgc+bx+Bs6vuKJHHl5kox/BaKbhiXzqQOwK4cO22yElGp2OCmjwVhT3HmxgyPGnJfQ==}

  colorette@2.0.20:
    resolution: {integrity: sha512-IfEDxwoWIjkeXL1eXcDiow4UbKjhLdq6/EuSVR9GMN7KVH3r9gQ83e73hsz1Nd1T3ijd5xv1wcWRYO+D6kCI2w==}

  debug@4.4.1:
    resolution: {integrity: sha512-KcKCqiftBJcZr++7ykoDIEwSa3XWowTfNPo92BYxjXiyYEVrUQh2aLyhxBCwww+heortUFxEJYcRzosstTEBYQ==}
    engines: {node: '>=6.0'}
    peerDependencies:
      supports-color: '*'
    peerDependenciesMeta:
      supports-color:
        optional: true

  ms@2.1.3:
    resolution: {integrity: sha512-6FlzubTLZG3J2a/NVCAleEhjzq5oxgHyaCU9yYXvcLsvoVaHJq/s5xXI6/XXP6tz7R9xAOtHnSO/tXtF3WRTlA==}

  oxc-resolver@11.13.1:
    resolution: {integrity: sha512-/MS37pbsjfdujmuiM/qONFToT8zjDh78xOhVOPStG7fiZlE0b8od8XOfLhqovL0NnMR0ojumTUWF4LK/U15qDQ==}

  pirates@4.0.7:
    resolution: {integrity: sha512-TfySrs/5nm8fQJDcBDuUng3VOUKsd7S+zqvbOTiGXHfxX4wK31ard+hoNuvkicM/2YFzlpDgABOevKSsB4G/FA==}
    engines: {node: '>= 6'}

  source-map-support@0.5.21:
    resolution: {integrity: sha512-uBHU3L3czsIyYXKX88fdrGovxdSCoTGDRZ6SYXtSRxLZUzHg5P/66Ht6uoUlHu9EZod+inXhKo3qQgwXUT/y1w==}

  source-map@0.6.1:
    resolution: {integrity: sha512-UjgapumWlbMhkBgzT7Ykc5YXUT46F0iKu8SGXq0bcwP5dz/h0Plj6enJqjz1Zbq2l5WaqYnrVbwWOWMyF3F47g==}
    engines: {node: '>=0.10.0'}

  tslib@2.8.1:
    resolution: {integrity: sha512-oJFu94HQb+KVduSUQL7wnpmqnfmLsOA/nAh6b6EH0wCEoK0/mPeXU6c3wKDV83MkOuHPRHtSXKKU99IBazS/2w==}

  turbo-darwin-64@2.6.0:
    resolution: {integrity: sha512-6vHnLAubHj8Ib45Knu+oY0ZVCLO7WcibzAvt5b1E72YHqAs4y8meMAGMZM0jLqWPh/9maHDc16/qBCMxtW4pXg==}
    cpu: [x64]
    os: [darwin]

  turbo-darwin-arm64@2.6.0:
    resolution: {integrity: sha512-IU+gWMEXNBw8H0pxvE7nPEa5p6yahxbN8g/Q4Bf0AHymsAFqsScgV0peeNbWybdmY9jk1LPbALOsF2kY1I7ZiQ==}
    cpu: [arm64]
    os: [darwin]

  turbo-linux-64@2.6.0:
    resolution: {integrity: sha512-CKoiJ2ZFJLCDsWdRlZg+ew1BkGn8iCEGdePhISVpjsGwkJwSVhVu49z2zKdBeL1IhcSKS2YALwp9ellNZANJxw==}
    cpu: [x64]
    os: [linux]

  turbo-linux-arm64@2.6.0:
    resolution: {integrity: sha512-WroVCdCvJbrhNxNdw7XB7wHAfPPJPV+IXY+ZKNed+9VdfBu/2mQNfKnvqTuFTH7n+Pdpv8to9qwhXRTJe26upg==}
    cpu: [arm64]
    os: [linux]

  turbo-windows-64@2.6.0:
    resolution: {integrity: sha512-7pZo5aGQPR+A7RMtWCZHusarJ6y15LQ+o3jOmpMxTic/W6Bad+jSeqo07TWNIseIWjCVzrSv27+0odiYRYtQdA==}
    cpu: [x64]
    os: [win32]

  turbo-windows-arm64@2.6.0:
    resolution: {integrity: sha512-1Ty+NwIksQY7AtFUCPrTpcKQE7zmd/f7aRjdT+qkqGFQjIjFYctEtN7qo4vpQPBgCfS1U3ka83A2u/9CfJQ3wQ==}
    cpu: [arm64]
    os: [win32]

  turbo@2.6.0:
    resolution: {integrity: sha512-kC5VJqOXo50k0/0jnJDDjibLAXalqT9j7PQ56so0pN+81VR4Fwb2QgIE9dTzT3phqOTQuEXkPh3sCpnv5Isz2g==}
    hasBin: true

  typescript@5.9.3:
    resolution: {integrity: sha512-jl1vZzPDinLr9eUt3J/t7V6FgNEw9QjvBPdysz9KfQDD41fQrC2Y4vKQdiaUpFT4bXlb1RHhLpp8wtm6M5TgSw==}
    engines: {node: '>=14.17'}
    hasBin: true

  undici-types@7.16.0:
    resolution: {integrity: sha512-Zz+aZWSj8LE6zoxD+xrjh4VfkIG8Ya6LvYkZqtUQGJPZjYl53ypCaUwWqo7eI0x66KBGeRo+mlBEkMSeSZ38Nw==}

snapshots:

  '@cargo-messages/android-arm-eabi@0.1.81':
    optional: true

  '@cargo-messages/darwin-arm64@0.1.81':
    optional: true

  '@cargo-messages/darwin-x64@0.1.81':
    optional: true

  '@cargo-messages/linux-arm-gnueabihf@0.1.81':
    optional: true

  '@cargo-messages/linux-arm64-gnu@0.1.81':
    optional: true

  '@cargo-messages/linux-arm64-musl@0.1.81':
    optional: true

  '@cargo-messages/linux-x64-gnu@0.1.81':
    optional: true

  '@cargo-messages/linux-x64-musl@0.1.81':
    optional: true

  '@cargo-messages/win32-arm64-msvc@0.1.81':
    optional: true

  '@cargo-messages/win32-x64-msvc@0.1.81':
    optional: true

  '@emnapi/core@1.7.0':
    dependencies:
      '@emnapi/wasi-threads': 1.1.0
      tslib: 2.8.1
    optional: true

  '@emnapi/runtime@1.7.0':
    dependencies:
      tslib: 2.8.1
    optional: true

  '@emnapi/wasi-threads@1.1.0':
    dependencies:
      tslib: 2.8.1
    optional: true

  '@napi-rs/wasm-runtime@1.0.7':
    dependencies:
      '@emnapi/core': 1.7.0
      '@emnapi/runtime': 1.7.0
      '@tybys/wasm-util': 0.10.1
    optional: true

  '@neon-rs/cli@0.1.82':
    optionalDependencies:
      '@cargo-messages/android-arm-eabi': 0.1.81
      '@cargo-messages/darwin-arm64': 0.1.81
      '@cargo-messages/darwin-x64': 0.1.81
      '@cargo-messages/linux-arm-gnueabihf': 0.1.81
      '@cargo-messages/linux-arm64-gnu': 0.1.81
      '@cargo-messages/linux-arm64-musl': 0.1.81
      '@cargo-messages/linux-x64-gnu': 0.1.81
      '@cargo-messages/linux-x64-musl': 0.1.81
      '@cargo-messages/win32-arm64-msvc': 0.1.81
      '@cargo-messages/win32-x64-msvc': 0.1.81

  '@oxc-resolver/binding-android-arm-eabi@11.13.1':
    optional: true

  '@oxc-resolver/binding-android-arm64@11.13.1':
    optional: true

  '@oxc-resolver/binding-darwin-arm64@11.13.1':
    optional: true

  '@oxc-resolver/binding-darwin-x64@11.13.1':
    optional: true

  '@oxc-resolver/binding-freebsd-x64@11.13.1':
    optional: true

  '@oxc-resolver/binding-linux-arm-gnueabihf@11.13.1':
    optional: true

  '@oxc-resolver/binding-linux-arm-musleabihf@11.13.1':
    optional: true

  '@oxc-resolver/binding-linux-arm64-gnu@11.13.1':
    optional: true

  '@oxc-resolver/binding-linux-arm64-musl@11.13.1':
    optional: true

  '@oxc-resolver/binding-linux-ppc64-gnu@11.13.1':
    optional: true

  '@oxc-resolver/binding-linux-riscv64-gnu@11.13.1':
    optional: true

  '@oxc-resolver/binding-linux-riscv64-musl@11.13.1':
    optional: true

  '@oxc-resolver/binding-linux-s390x-gnu@11.13.1':
    optional: true

  '@oxc-resolver/binding-linux-x64-gnu@11.13.1':
    optional: true

  '@oxc-resolver/binding-linux-x64-musl@11.13.1':
    optional: true

  '@oxc-resolver/binding-wasm32-wasi@11.13.1':
    dependencies:
      '@napi-rs/wasm-runtime': 1.0.7
    optional: true

  '@oxc-resolver/binding-win32-arm64-msvc@11.13.1':
    optional: true

  '@oxc-resolver/binding-win32-ia32-msvc@11.13.1':
    optional: true

  '@oxc-resolver/binding-win32-x64-msvc@11.13.1':
    optional: true

  '@swc-node/core@1.14.1(@swc/core@1.15.1(@swc/helpers@0.5.17))(@swc/types@0.1.25)':
    dependencies:
      '@swc/core': 1.15.1(@swc/helpers@0.5.17)
      '@swc/types': 0.1.25

  '@swc-node/register@1.11.1(@swc/core@1.15.1(@swc/helpers@0.5.17))(@swc/types@0.1.25)(typescript@5.9.3)':
    dependencies:
      '@swc-node/core': 1.14.1(@swc/core@1.15.1(@swc/helpers@0.5.17))(@swc/types@0.1.25)
      '@swc-node/sourcemap-support': 0.6.1
      '@swc/core': 1.15.1(@swc/helpers@0.5.17)
      colorette: 2.0.20
      debug: 4.4.1
      oxc-resolver: 11.13.1
      pirates: 4.0.7
      tslib: 2.8.1
      typescript: 5.9.3
    transitivePeerDependencies:
      - '@swc/types'
      - supports-color

  '@swc-node/sourcemap-support@0.6.1':
    dependencies:
      source-map-support: 0.5.21
      tslib: 2.8.1

  '@swc/core-darwin-arm64@1.15.1':
    optional: true

  '@swc/core-darwin-x64@1.15.1':
    optional: true

  '@swc/core-linux-arm-gnueabihf@1.15.1':
    optional: true

  '@swc/core-linux-arm64-gnu@1.15.1':
    optional: true

  '@swc/core-linux-arm64-musl@1.15.1':
    optional: true

  '@swc/core-linux-x64-gnu@1.15.1':
    optional: true

  '@swc/core-linux-x64-musl@1.15.1':
    optional: true

  '@swc/core-win32-arm64-msvc@1.15.1':
    optional: true

  '@swc/core-win32-ia32-msvc@1.15.1':
    optional: true

  '@swc/core-win32-x64-msvc@1.15.1':
    optional: true

  '@swc/core@1.15.1(@swc/helpers@0.5.17)':
    dependencies:
      '@swc/counter': 0.1.3
      '@swc/types': 0.1.25
    optionalDependencies:
      '@swc/core-darwin-arm64': 1.15.1
      '@swc/core-darwin-x64': 1.15.1
      '@swc/core-linux-arm-gnueabihf': 1.15.1
      '@swc/core-linux-arm64-gnu': 1.15.1
      '@swc/core-linux-arm64-musl': 1.15.1
      '@swc/core-linux-x64-gnu': 1.15.1
      '@swc/core-linux-x64-musl': 1.15.1
      '@swc/core-win32-arm64-msvc': 1.15.1
      '@swc/core-win32-ia32-msvc': 1.15.1
      '@swc/core-win32-x64-msvc': 1.15.1
      '@swc/helpers': 0.5.17

  '@swc/counter@0.1.3': {}

  '@swc/helpers@0.5.17':
    dependencies:
      tslib: 2.8.1

  '@swc/types@0.1.25':
    dependencies:
      '@swc/counter': 0.1.3

  '@tybys/wasm-util@0.10.1':
    dependencies:
      tslib: 2.8.1
    optional: true

  '@types/node@24.10.0':
    dependencies:
      undici-types: 7.16.0

  buffer-from@1.1.2: {}

  colorette@2.0.20: {}

  debug@4.4.1:
    dependencies:
      ms: 2.1.3

  ms@2.1.3: {}

  oxc-resolver@11.13.1:
    optionalDependencies:
      '@oxc-resolver/binding-android-arm-eabi': 11.13.1
      '@oxc-resolver/binding-android-arm64': 11.13.1
      '@oxc-resolver/binding-darwin-arm64': 11.13.1
      '@oxc-resolver/binding-darwin-x64': 11.13.1
      '@oxc-resolver/binding-freebsd-x64': 11.13.1
      '@oxc-resolver/binding-linux-arm-gnueabihf': 11.13.1
      '@oxc-resolver/binding-linux-arm-musleabihf': 11.13.1
      '@oxc-resolver/binding-linux-arm64-gnu': 11.13.1
      '@oxc-resolver/binding-linux-arm64-musl': 11.13.1
      '@oxc-resolver/binding-linux-ppc64-gnu': 11.13.1
      '@oxc-resolver/binding-linux-riscv64-gnu': 11.13.1
      '@oxc-resolver/binding-linux-riscv64-musl': 11.13.1
      '@oxc-resolver/binding-linux-s390x-gnu': 11.13.1
      '@oxc-resolver/binding-linux-x64-gnu': 11.13.1
      '@oxc-resolver/binding-linux-x64-musl': 11.13.1
      '@oxc-resolver/binding-wasm32-wasi': 11.13.1
      '@oxc-resolver/binding-win32-arm64-msvc': 11.13.1
      '@oxc-resolver/binding-win32-ia32-msvc': 11.13.1
      '@oxc-resolver/binding-win32-x64-msvc': 11.13.1

  pirates@4.0.7: {}

  source-map-support@0.5.21:
    dependencies:
      buffer-from: 1.1.2
      source-map: 0.6.1

  source-map@0.6.1: {}

  tslib@2.8.1: {}

  turbo-darwin-64@2.6.0:
    optional: true

  turbo-darwin-arm64@2.6.0:
    optional: true

  turbo-linux-64@2.6.0:
    optional: true

  turbo-linux-arm64@2.6.0:
    optional: true

  turbo-windows-64@2.6.0:
    optional: true

  turbo-windows-arm64@2.6.0:
    optional: true

  turbo@2.6.0:
    optionalDependencies:
      turbo-darwin-64: 2.6.0
      turbo-darwin-arm64: 2.6.0
      turbo-linux-64: 2.6.0
      turbo-linux-arm64: 2.6.0
      turbo-windows-64: 2.6.0
      turbo-windows-arm64: 2.6.0

  typescript@5.9.3: {}

  undici-types@7.16.0: {}
